<?xml version="1.0" encoding="utf-8"?>
<Project ToolsVersion="4.0" xmlns="http://schemas.microsoft.com/developer/msbuild/2003">
  <ItemGroup>
    <Filter Include="Managers">
      <UniqueIdentifier>{d74825a7-f4aa-4932-a58f-1269492c4ac6}</UniqueIdentifier>
    </Filter>
    <Filter Include="Managers\Source">
      <UniqueIdentifier>{17f78a8a-fd44-41da-b25a-a2df3883f81f}</UniqueIdentifier>
    </Filter>
    <Filter Include="Managers\Headers">
      <UniqueIdentifier>{e1166c26-01a1-477c-8222-a6eca64d87fa}</UniqueIdentifier>
    </Filter>
  </ItemGroup>
  <ItemGroup>
    <ClInclude Include="Engine\Source\Engine.h" />
    <ClInclude Include="GrayEngine.h" />
    <ClInclude Include="Engine\Source\Headers\Main.h" />
    <ClInclude Include="Engine\Source\Headers\Logger.h" />
    <ClInclude Include="Engine\Source\Headers\AppWindow.h" />
    <ClInclude Include="Engine\Source\WinApp.h" />
    <ClInclude Include="pch.h" />
    <ClInclude Include="Engine\Source\Libs\includeGL\glfw\glfw3.h" />
    <ClInclude Include="Engine\Source\Libs\includeGL\glfw\glfw3native.h" />
    <ClInclude Include="Engine\Source\Headers\Events\EventListener.h" />
    <ClInclude Include="Engine\Source\Headers\Vulkan\VulkanAPI.h" />
  </ItemGroup>
  <ItemGroup>
    <ClCompile Include="Engine\Source\WinApp.cpp" />
    <ClCompile Include="pch.cpp" />
    <ClCompile Include="Engine\Source\Headers\Events\EventListener.cpp" />
    <ClCompile Include="Engine\Source\Headers\Vulkan\VulkanAPI.cpp" />
    <ClCompile Include="Engine\Source\Engine.cpp" />
  </ItemGroup>
  <ItemGroup>
    <None Include="Engine\Source\Libs\lib-vc2019\glfw3.dll" />
    <None Include="Engine\Source\Headers\Vulkan\Shaders\Compiler.bat" />
    <None Include="Engine\Source\Headers\Vulkan\Shaders\frag.spv" />
    <None Include="Engine\Source\Headers\Vulkan\Shaders\shader.frag" />
    <None Include="Engine\Source\Headers\Vulkan\Shaders\shader.vert" />
    <None Include="Engine\Source\Headers\Vulkan\Shaders\vert.spv" />
  </ItemGroup>
  <ItemGroup>
    <Library Include="Engine\Source\Libs\lib-vc2019\glfw3.lib" />
    <Library Include="Engine\Source\Libs\lib-vc2019\glfw3_mt.lib" />
    <Library Include="Engine\Source\Libs\lib-vc2019\glfw3dll.lib" />
    <Library Include="Engine\Source\Libs\Lib\vulkan-1.lib" />
  </ItemGroup>
</Project>