
Microsoft Visual Studio Solution File, Format Version 12.00
# Visual Studio Version 16
VisualStudioVersion = 16.0.31702.278
MinimumVisualStudioVersion = 10.0.40219.1
Project("{8BC9CEB8-8B4A-11D0-8D11-00A0C91BC942}") = "GrayEngine", "GrayEngine\GrayEngine.vcxproj", "{09B090DB-489D-407C-BECC-F8DC49C6FCC1}"
EndProject
Project("{FAE04EC0-301F-11D3-BF4B-00C04F79EFBC}") = "EditorUI", "EditorUI\EditorUI.csproj", "{31145D40-8CB7-4BF9-A539-50EEA241D873}"
EndProject
Project("{8BC9CEB8-8B4A-11D0-8D11-00A0C91BC942}") = "SceneEditor", "SceneEditor\SceneEditor\SceneEditor.vcxproj", "{D9ED61A8-C9F0-4357-BB30-9042089714DB}"
EndProject
Project("{8BC9CEB8-8B4A-11D0-8D11-00A0C91BC942}") = "WorldEditorApp", "WorldEditorApp\WorldEditorApp.vcxproj", "{F0D1E6F5-2697-468C-B4E6-56DC6F439438}"
EndProject
Global
	GlobalSection(SolutionConfigurationPlatforms) = preSolution
		Debug|Any CPU = Debug|Any CPU
		Debug|x64 = Debug|x64
		Debug|x86 = Debug|x86
		Release|Any CPU = Release|Any CPU
		Release|x64 = Release|x64
		Release|x86 = Release|x86
	EndGlobalSection
	GlobalSection(ProjectConfigurationPlatforms) = postSolution
		{09B090DB-489D-407C-BECC-F8DC49C6FCC1}.Debug|Any CPU.ActiveCfg = Debug|x64
		{09B090DB-489D-407C-BECC-F8DC49C6FCC1}.Debug|x64.ActiveCfg = Debug|x64
		{09B090DB-489D-407C-BECC-F8DC49C6FCC1}.Debug|x64.Build.0 = Debug|x64
		{09B090DB-489D-407C-BECC-F8DC49C6FCC1}.Debug|x86.ActiveCfg = Debug|x64
		{09B090DB-489D-407C-BECC-F8DC49C6FCC1}.Release|Any CPU.ActiveCfg = Release|x64
		{09B090DB-489D-407C-BECC-F8DC49C6FCC1}.Release|x64.ActiveCfg = Release|x64
		{09B090DB-489D-407C-BECC-F8DC49C6FCC1}.Release|x64.Build.0 = Release|x64
		{09B090DB-489D-407C-BECC-F8DC49C6FCC1}.Release|x86.ActiveCfg = Release|x64
		{31145D40-8CB7-4BF9-A539-50EEA241D873}.Debug|Any CPU.ActiveCfg = Debug|Any CPU
		{31145D40-8CB7-4BF9-A539-50EEA241D873}.Debug|Any CPU.Build.0 = Debug|Any CPU
		{31145D40-8CB7-4BF9-A539-50EEA241D873}.Debug|x64.ActiveCfg = Debug|x64
		{31145D40-8CB7-4BF9-A539-50EEA241D873}.Debug|x64.Build.0 = Debug|x64
		{31145D40-8CB7-4BF9-A539-50EEA241D873}.Debug|x86.ActiveCfg = Debug|Any CPU
		{31145D40-8CB7-4BF9-A539-50EEA241D873}.Debug|x86.Build.0 = Debug|Any CPU
		{31145D40-8CB7-4BF9-A539-50EEA241D873}.Release|Any CPU.ActiveCfg = Release|Any CPU
		{31145D40-8CB7-4BF9-A539-50EEA241D873}.Release|Any CPU.Build.0 = Release|Any CPU
		{31145D40-8CB7-4BF9-A539-50EEA241D873}.Release|x64.ActiveCfg = Release|x64
		{31145D40-8CB7-4BF9-A539-50EEA241D873}.Release|x64.Build.0 = Release|x64
		{31145D40-8CB7-4BF9-A539-50EEA241D873}.Release|x86.ActiveCfg = Release|Any CPU
		{31145D40-8CB7-4BF9-A539-50EEA241D873}.Release|x86.Build.0 = Release|Any CPU
		{D9ED61A8-C9F0-4357-BB30-9042089714DB}.Debug|Any CPU.ActiveCfg = Debug|x64
		{D9ED61A8-C9F0-4357-BB30-9042089714DB}.Debug|x64.ActiveCfg = Debug|x64
		{D9ED61A8-C9F0-4357-BB30-9042089714DB}.Debug|x64.Build.0 = Debug|x64
		{D9ED61A8-C9F0-4357-BB30-9042089714DB}.Debug|x86.ActiveCfg = Debug|x64
		{D9ED61A8-C9F0-4357-BB30-9042089714DB}.Release|Any CPU.ActiveCfg = Release|x64
		{D9ED61A8-C9F0-4357-BB30-9042089714DB}.Release|x64.ActiveCfg = Release|x64
		{D9ED61A8-C9F0-4357-BB30-9042089714DB}.Release|x64.Build.0 = Release|x64
		{D9ED61A8-C9F0-4357-BB30-9042089714DB}.Release|x86.ActiveCfg = Release|x64
		{F0D1E6F5-2697-468C-B4E6-56DC6F439438}.Debug|Any CPU.ActiveCfg = Debug|Win32
		{F0D1E6F5-2697-468C-B4E6-56DC6F439438}.Debug|x64.ActiveCfg = Debug|x64
		{F0D1E6F5-2697-468C-B4E6-56DC6F439438}.Debug|x64.Build.0 = Debug|x64
		{F0D1E6F5-2697-468C-B4E6-56DC6F439438}.Debug|x86.ActiveCfg = Debug|Win32
		{F0D1E6F5-2697-468C-B4E6-56DC6F439438}.Debug|x86.Build.0 = Debug|Win32
		{F0D1E6F5-2697-468C-B4E6-56DC6F439438}.Release|Any CPU.ActiveCfg = Release|Win32
		{F0D1E6F5-2697-468C-B4E6-56DC6F439438}.Release|x64.ActiveCfg = Release|x64
		{F0D1E6F5-2697-468C-B4E6-56DC6F439438}.Release|x64.Build.0 = Release|x64
		{F0D1E6F5-2697-468C-B4E6-56DC6F439438}.Release|x86.ActiveCfg = Release|Win32
		{F0D1E6F5-2697-468C-B4E6-56DC6F439438}.Release|x86.Build.0 = Release|Win32
	EndGlobalSection
	GlobalSection(SolutionProperties) = preSolution
		HideSolutionNode = FALSE
	EndGlobalSection
	GlobalSection(ExtensibilityGlobals) = postSolution
		SolutionGuid = {9053A4E7-9647-46BE-96C5-74DC890867E8}
	EndGlobalSection
EndGlobal
