<?xml version="1.0" encoding="utf-8"?>
<Project ToolsVersion="4.0" xmlns="http://schemas.microsoft.com/developer/msbuild/2003">
  <ItemGroup>
    <ClCompile Include="source\ProgramMain.cpp" />
  </ItemGroup>
  <ItemGroup>
    <ClInclude Include="source\EditorUI.h" />
    <ClInclude Include="source\Application.h" />
    <ClInclude Include="source\ModelBrowser.h" />
  </ItemGroup>
</Project>